
Microsoft Visual Studio Solution File, Format Version 12.00
# Visual Studio 15
VisualStudioVersion = 15.0.28307.438
MinimumVisualStudioVersion = 10.0.40219.1
Project("{FAE04EC0-301F-11D3-BF4B-00C04F79EFBC}") = "SATD", "SATD\SATD.csproj", "{87E49E58-A463-4A9F-B2A5-2E40919922C9}"
EndProject
Global
	GlobalSection(SolutionConfigurationPlatforms) = preSolution
		Debug|Any CPU = Debug|Any CPU
		Release|Any CPU = Release|Any CPU
	EndGlobalSection
	GlobalSection(ProjectConfigurationPlatforms) = postSolution
		{87E49E58-A463-4A9F-B2A5-2E40919922C9}.Debug|Any CPU.ActiveCfg = Debug|Any CPU
		{87E49E58-A463-4A9F-B2A5-2E40919922C9}.Debug|Any CPU.Build.0 = Debug|Any CPU
		{87E49E58-A463-4A9F-B2A5-2E40919922C9}.Release|Any CPU.ActiveCfg = Release|Any CPU
		{87E49E58-A463-4A9F-B2A5-2E40919922C9}.Release|Any CPU.Build.0 = Release|Any CPU
	EndGlobalSection
	GlobalSection(SolutionProperties) = preSolution
		HideSolutionNode = FALSE
	EndGlobalSection
	GlobalSection(ExtensibilityGlobals) = postSolution
		SolutionGuid = {88046E96-8DCE-4334-B4CF-3331085DA1E2}
	EndGlobalSection
EndGlobal
